
Microsoft Visual Studio Solution File, Format Version 12.00
Project("{FAE04EC0-301F-11D3-BF4B-00C04F79EFBC}") = "BridgePattern", "BridgePattern.csproj", "{6BF04DFC-9867-4E96-B8F0-5D8227906063}"
EndProject
Global
	GlobalSection(SolutionConfigurationPlatforms) = preSolution
		Debug|Any CPU = Debug|Any CPU
		Release|Any CPU = Release|Any CPU
	EndGlobalSection
	GlobalSection(ProjectConfigurationPlatforms) = postSolution
		{6BF04DFC-9867-4E96-B8F0-5D8227906063}.Debug|Any CPU.ActiveCfg = Debug|Any CPU
		{6BF04DFC-9867-4E96-B8F0-5D8227906063}.Debug|Any CPU.Build.0 = Debug|Any CPU
		{6BF04DFC-9867-4E96-B8F0-5D8227906063}.Release|Any CPU.ActiveCfg = Release|Any CPU
		{6BF04DFC-9867-4E96-B8F0-5D8227906063}.Release|Any CPU.Build.0 = Release|Any CPU
	EndGlobalSection
EndGlobal
